// !$*UTF8*$!
{
	archiveVersion = 1;
	classes = {
	};
	objectVersion = 46;
	objects = {

/* Begin PBXBuildFile section */
		1295A80C1563DA6100A75E16 /* Foundation.framework in Frameworks */ = {isa = PBXBuildFile; fileRef = 1295A80B1563DA6100A75E16 /* Foundation.framework */; };
		1295A80F1563DA6100A75E16 /* main.m in Sources */ = {isa = PBXBuildFile; fileRef = 1295A80E1563DA6100A75E16 /* main.m */; };
		1295A8131563DA6100A75E16 /* theFractionTest.1 in CopyFiles */ = {isa = PBXBuildFile; fileRef = 1295A8121563DA6100A75E16 /* theFractionTest.1 */; };
		1295A82C1563DE1F00A75E16 /* Fraction.m in Sources */ = {isa = PBXBuildFile; fileRef = 1295A82B1563DE1F00A75E16 /* Fraction.m */; };
/* End PBXBuildFile section */

/* Begin PBXCopyFilesBuildPhase section */
		1295A8051563DA6100A75E16 /* CopyFiles */ = {
			isa = PBXCopyFilesBuildPhase;
			buildActionMask = 2147483647;
			dstPath = /usr/share/man/man1/;
			dstSubfolderSpec = 0;
			files = (
				1295A8131563DA6100A75E16 /* theFractionTest.1 in CopyFiles */,
			);
			runOnlyForDeploymentPostprocessing = 1;
		};
/* End PBXCopyFilesBuildPhase section */

/* Begin PBXFileReference section */
		1295A8071563DA6100A75E16 /* theFractionTest */ = {isa = PBXFileReference; explicitFileType = "compiled.mach-o.executable"; includeInIndex = 0; path = theFractionTest; sourceTree = BUILT_PRODUCTS_DIR; };
		1295A80B1563DA6100A75E16 /* Foundation.framework */ = {isa = PBXFileReference; lastKnownFileType = wrapper.framework; name = Foundation.framework; path = System/Library/Frameworks/Foundation.framework; sourceTree = SDKROOT; };
		1295A80E1563DA6100A75E16 /* main.m */ = {isa = PBXFileReference; lastKnownFileType = sourcecode.c.objc; path = main.m; sourceTree = "<group>"; };
		1295A8111563DA6100A75E16 /* theFractionTest-Prefix.pch */ = {isa = PBXFileReference; lastKnownFileType = sourcecode.c.h; path = "theFractionTest-Prefix.pch"; sourceTree = "<group>"; };
		1295A8121563DA6100A75E16 /* theFractionTest.1 */ = {isa = PBXFileReference; lastKnownFileType = text.man; path = theFractionTest.1; sourceTree = "<group>"; };
		1295A82A1563DE1F00A75E16 /* Fraction.h */ = {isa = PBXFileReference; fileEncoding = 4; lastKnownFileType = sourcecode.c.h; path = Fraction.h; sourceTree = "<group>"; };
		1295A82B1563DE1F00A75E16 /* Fraction.m */ = {isa = PBXFileReference; fileEncoding = 4; lastKnownFileType = sourcecode.c.objc; path = Fraction.m; sourceTree = "<group>"; };
/* End PBXFileReference section */

/* Begin PBXFrameworksBuildPhase section */
		1295A8041563DA6100A75E16 /* Frameworks */ = {
			isa = PBXFrameworksBuildPhase;
			buildActionMask = 2147483647;
			files = (
				1295A80C1563DA6100A75E16 /* Foundation.framework in Frameworks */,
			);
			runOnlyForDeploymentPostprocessing = 0;
		};
/* End PBXFrameworksBuildPhase section */

/* Begin PBXGroup section */
		1295A7FC1563DA6000A75E16 = {
			isa = PBXGroup;
			children = (
				1295A80D1563DA6100A75E16 /* theFractionTest */,
				1295A80A1563DA6100A75E16 /* Frameworks */,
				1295A8081563DA6100A75E16 /* Products */,
			);
			sourceTree = "<group>";
		};
		1295A8081563DA6100A75E16 /* Products */ = {
			isa = PBXGroup;
			children = (
				1295A8071563DA6100A75E16 /* theFractionTest */,
			);
			name = Products;
			sourceTree = "<group>";
		};
		1295A80A1563DA6100A75E16 /* Frameworks */ = {
			isa = PBXGroup;
			children = (
				1295A80B1563DA6100A75E16 /* Foundation.framework */,
			);
			name = Frameworks;
			sourceTree = "<group>";
		};
		1295A80D1563DA6100A75E16 /* theFractionTest */ = {
			isa = PBXGroup;
			children = (
				1295A80E1563DA6100A75E16 /* main.m */,
				1295A82A1563DE1F00A75E16 /* Fraction.h */,
				1295A82B1563DE1F00A75E16 /* Fraction.m */,
				1295A8121563DA6100A75E16 /* theFractionTest.1 */,
				1295A8101563DA6100A75E16 /* Supporting Files */,
			);
			path = theFractionTest;
			sourceTree = "<group>";
		};
		1295A8101563DA6100A75E16 /* Supporting Files */ = {
			isa = PBXGroup;
			children = (
				1295A8111563DA6100A75E16 /* theFractionTest-Prefix.pch */,
			);
			name = "Supporting Files";
			sourceTree = "<group>";
		};
/* End PBXGroup section */

/* Begin PBXNativeTarget section */
		1295A8061563DA6100A75E16 /* theFractionTest */ = {
			isa = PBXNativeTarget;
			buildConfigurationList = 1295A8161563DA6100A75E16 /* Build configuration list for PBXNativeTarget "theFractionTest" */;
			buildPhases = (
				1295A8031563DA6100A75E16 /* Sources */,
				1295A8041563DA6100A75E16 /* Frameworks */,
				1295A8051563DA6100A75E16 /* CopyFiles */,
			);
			buildRules = (
			);
			dependencies = (
			);
			name = theFractionTest;
			productName = theFractionTest;
			productReference = 1295A8071563DA6100A75E16 /* theFractionTest */;
			productType = "com.apple.product-type.tool";
		};
/* End PBXNativeTarget section */

/* Begin PBXProject section */
		1295A7FE1563DA6000A75E16 /* Project object */ = {
			isa = PBXProject;
			attributes = {
				LastUpgradeCheck = 0430;
			};
			buildConfigurationList = 1295A8011563DA6000A75E16 /* Build configuration list for PBXProject "theFractionTest" */;
			compatibilityVersion = "Xcode 3.2";
			developmentRegion = English;
			hasScannedForEncodings = 0;
			knownRegions = (
				en,
			);
			mainGroup = 1295A7FC1563DA6000A75E16;
			productRefGroup = 1295A8081563DA6100A75E16 /* Products */;
			projectDirPath = "";
			projectRoot = "";
			targets = (
				1295A8061563DA6100A75E16 /* theFractionTest */,
			);
		};
/* End PBXProject section */

/* Begin PBXSourcesBuildPhase section */
		1295A8031563DA6100A75E16 /* Sources */ = {
			isa = PBXSourcesBuildPhase;
			buildActionMask = 2147483647;
			files = (
				1295A80F1563DA6100A75E16 /* main.m in Sources */,
				1295A82C1563DE1F00A75E16 /* Fraction.m in Sources */,
			);
			runOnlyForDeploymentPostprocessing = 0;
		};
/* End PBXSourcesBuildPhase section */

/* Begin XCBuildConfiguration section */
		1295A8141563DA6100A75E16 /* Debug */ = {
			isa = XCBuildConfiguration;
			buildSettings = {
				ALWAYS_SEARCH_USER_PATHS = NO;
				ARCHS = "$(ARCHS_STANDARD_64_BIT)";
				CLANG_ENABLE_OBJC_ARC = YES;
				COPY_PHASE_STRIP = NO;
				GCC_C_LANGUAGE_STANDARD = gnu99;
				GCC_DYNAMIC_NO_PIC = NO;
				GCC_ENABLE_OBJC_EXCEPTIONS = YES;
				GCC_OPTIMIZATION_LEVEL = 0;
				GCC_PREPROCESSOR_DEFINITIONS = (
					"DEBUG=1",
					"$(inherited)",
				);
				GCC_SYMBOLS_PRIVATE_EXTERN = NO;
				GCC_VERSION = com.apple.compilers.llvm.clang.1_0;
				GCC_WARN_64_TO_32_BIT_CONVERSION = YES;
				GCC_WARN_ABOUT_RETURN_TYPE = YES;
				GCC_WARN_UNINITIALIZED_AUTOS = YES;
				GCC_WARN_UNUSED_VARIABLE = YES;
				MACOSX_DEPLOYMENT_TARGET = 10.7;
				ONLY_ACTIVE_ARCH = YES;
				SDKROOT = macosx;
			};
			name = Debug;
		};
		1295A8151563DA6100A75E16 /* Release */ = {
			isa = XCBuildConfiguration;
			buildSettings = {
				ALWAYS_SEARCH_USER_PATHS = NO;
				ARCHS = "$(ARCHS_STANDARD_64_BIT)";
				CLANG_ENABLE_OBJC_ARC = YES;
				COPY_PHASE_STRIP = YES;
				DEBUG_INFORMATION_FORMAT = "dwarf-with-dsym";
				GCC_C_LANGUAGE_STANDARD = gnu99;
				GCC_ENABLE_OBJC_EXCEPTIONS = YES;
				GCC_VERSION = com.apple.compilers.llvm.clang.1_0;
				GCC_WARN_64_TO_32_BIT_CONVERSION = YES;
				GCC_WARN_ABOUT_RETURN_TYPE = YES;
				GCC_WARN_UNINITIALIZED_AUTOS = YES;
				GCC_WARN_UNUSED_VARIABLE = YES;
				MACOSX_DEPLOYMENT_TARGET = 10.7;
				SDKROOT = macosx;
			};
			name = Release;
		};
		1295A8171563DA6100A75E16 /* Debug */ = {
			isa = XCBuildConfiguration;
			buildSettings = {
				GCC_PRECOMPILE_PREFIX_HEADER = YES;
				GCC_PREFIX_HEADER = "theFractionTest/theFractionTest-Prefix.pch";
				PRODUCT_NAME = "$(TARGET_NAME)";
			};
			name = Debug;
		};
		1295A8181563DA6100A75E16 /* Release */ = {
			isa = XCBuildConfiguration;
			buildSettings = {
				GCC_PRECOMPILE_PREFIX_HEADER = YES;
				GCC_PREFIX_HEADER = "theFractionTest/theFractionTest-Prefix.pch";
				PRODUCT_NAME = "$(TARGET_NAME)";
			};
			name = Release;
		};
/* End XCBuildConfiguration section */

/* Begin XCConfigurationList section */
		1295A8011563DA6000A75E16 /* Build configuration list for PBXProject "theFractionTest" */ = {
			isa = XCConfigurationList;
			buildConfigurations = (
				1295A8141563DA6100A75E16 /* Debug */,
				1295A8151563DA6100A75E16 /* Release */,
			);
			defaultConfigurationIsVisible = 0;
			defaultConfigurationName = Release;
		};
		1295A8161563DA6100A75E16 /* Build configuration list for PBXNativeTarget "theFractionTest" */ = {
			isa = XCConfigurationList;
			buildConfigurations = (
				1295A8171563DA6100A75E16 /* Debug */,
				1295A8181563DA6100A75E16 /* Release */,
			);
			defaultConfigurationIsVisible = 0;
			defaultConfigurationName = Release;
		};
/* End XCConfigurationList section */
	};
	rootObject = 1295A7FE1563DA6000A75E16 /* Project object */;
}
